// !$*UTF8*$!
{
	archiveVersion = 1;
	classes = {
	};
	objectVersion = 46;
	objects = {

/* Begin PBXBuildFile section */
		15D229881CEAB2BC0070DA22 /* main.m in Sources */ = {isa = PBXBuildFile; fileRef = 15D229871CEAB2BC0070DA22 /* main.m */; };
		15D2298B1CEAB2BC0070DA22 /* AppDelegate.m in Sources */ = {isa = PBXBuildFile; fileRef = 15D2298A1CEAB2BC0070DA22 /* AppDelegate.m */; };
		15D2298E1CEAB2BC0070DA22 /* ViewController.m in Sources */ = {isa = PBXBuildFile; fileRef = 15D2298D1CEAB2BC0070DA22 /* ViewController.m */; };
		15D229911CEAB2BC0070DA22 /* Main.storyboard in Resources */ = {isa = PBXBuildFile; fileRef = 15D2298F1CEAB2BC0070DA22 /* Main.storyboard */; };
		15D229931CEAB2BC0070DA22 /* Assets.xcassets in Resources */ = {isa = PBXBuildFile; fileRef = 15D229921CEAB2BC0070DA22 /* Assets.xcassets */; };
		15D229961CEAB2BC0070DA22 /* LaunchScreen.storyboard in Resources */ = {isa = PBXBuildFile; fileRef = 15D229941CEAB2BC0070DA22 /* LaunchScreen.storyboard */; };
		15D2299F1CEAB3050070DA22 /* MyTestClass.m in Sources */ = {isa = PBXBuildFile; fileRef = 15D2299E1CEAB3050070DA22 /* MyTestClass.m */; };
		15D229A21CEAE7240070DA22 /* SecondViewController.m in Sources */ = {isa = PBXBuildFile; fileRef = 15D229A11CEAE7240070DA22 /* SecondViewController.m */; };
/* End PBXBuildFile section */

/* Begin PBXFileReference section */
		15D229831CEAB2BC0070DA22 /* Test0517.app */ = {isa = PBXFileReference; explicitFileType = wrapper.application; includeInIndex = 0; path = Test0517.app; sourceTree = BUILT_PRODUCTS_DIR; };
		15D229871CEAB2BC0070DA22 /* main.m */ = {isa = PBXFileReference; lastKnownFileType = sourcecode.c.objc; path = main.m; sourceTree = "<group>"; };
		15D229891CEAB2BC0070DA22 /* AppDelegate.h */ = {isa = PBXFileReference; lastKnownFileType = sourcecode.c.h; path = AppDelegate.h; sourceTree = "<group>"; };
		15D2298A1CEAB2BC0070DA22 /* AppDelegate.m */ = {isa = PBXFileReference; lastKnownFileType = sourcecode.c.objc; path = AppDelegate.m; sourceTree = "<group>"; };
		15D2298C1CEAB2BC0070DA22 /* ViewController.h */ = {isa = PBXFileReference; lastKnownFileType = sourcecode.c.h; path = ViewController.h; sourceTree = "<group>"; };
		15D2298D1CEAB2BC0070DA22 /* ViewController.m */ = {isa = PBXFileReference; lastKnownFileType = sourcecode.c.objc; path = ViewController.m; sourceTree = "<group>"; };
		15D229901CEAB2BC0070DA22 /* Base */ = {isa = PBXFileReference; lastKnownFileType = file.storyboard; name = Base; path = Base.lproj/Main.storyboard; sourceTree = "<group>"; };
		15D229921CEAB2BC0070DA22 /* Assets.xcassets */ = {isa = PBXFileReference; lastKnownFileType = folder.assetcatalog; path = Assets.xcassets; sourceTree = "<group>"; };
		15D229951CEAB2BC0070DA22 /* Base */ = {isa = PBXFileReference; lastKnownFileType = file.storyboard; name = Base; path = Base.lproj/LaunchScreen.storyboard; sourceTree = "<group>"; };
		15D229971CEAB2BC0070DA22 /* Info.plist */ = {isa = PBXFileReference; lastKnownFileType = text.plist.xml; path = Info.plist; sourceTree = "<group>"; };
		15D2299D1CEAB3050070DA22 /* MyTestClass.h */ = {isa = PBXFileReference; fileEncoding = 4; lastKnownFileType = sourcecode.c.h; path = MyTestClass.h; sourceTree = "<group>"; };
		15D2299E1CEAB3050070DA22 /* MyTestClass.m */ = {isa = PBXFileReference; fileEncoding = 4; lastKnownFileType = sourcecode.c.objc; path = MyTestClass.m; sourceTree = "<group>"; };
		15D229A01CEAE7240070DA22 /* SecondViewController.h */ = {isa = PBXFileReference; fileEncoding = 4; lastKnownFileType = sourcecode.c.h; path = SecondViewController.h; sourceTree = "<group>"; };
		15D229A11CEAE7240070DA22 /* SecondViewController.m */ = {isa = PBXFileReference; fileEncoding = 4; lastKnownFileType = sourcecode.c.objc; path = SecondViewController.m; sourceTree = "<group>"; };
/* End PBXFileReference section */

/* Begin PBXFrameworksBuildPhase section */
		15D229801CEAB2BC0070DA22 /* Frameworks */ = {
			isa = PBXFrameworksBuildPhase;
			buildActionMask = 2147483647;
			files = (
			);
			runOnlyForDeploymentPostprocessing = 0;
		};
/* End PBXFrameworksBuildPhase section */

/* Begin PBXGroup section */
		15D2297A1CEAB2BC0070DA22 = {
			isa = PBXGroup;
			children = (
				15D229851CEAB2BC0070DA22 /* Test0517 */,
				15D229841CEAB2BC0070DA22 /* Products */,
			);
			sourceTree = "<group>";
		};
		15D229841CEAB2BC0070DA22 /* Products */ = {
			isa = PBXGroup;
			children = (
				15D229831CEAB2BC0070DA22 /* Test0517.app */,
			);
			name = Products;
			sourceTree = "<group>";
		};
		15D229851CEAB2BC0070DA22 /* Test0517 */ = {
			isa = PBXGroup;
			children = (
				15D229891CEAB2BC0070DA22 /* AppDelegate.h */,
				15D2298A1CEAB2BC0070DA22 /* AppDelegate.m */,
				15D2298C1CEAB2BC0070DA22 /* ViewController.h */,
				15D2298D1CEAB2BC0070DA22 /* ViewController.m */,
				15D2298F1CEAB2BC0070DA22 /* Main.storyboard */,
				15D229921CEAB2BC0070DA22 /* Assets.xcassets */,
				15D229941CEAB2BC0070DA22 /* LaunchScreen.storyboard */,
				15D229971CEAB2BC0070DA22 /* Info.plist */,
				15D229861CEAB2BC0070DA22 /* Supporting Files */,
				15D2299D1CEAB3050070DA22 /* MyTestClass.h */,
				15D2299E1CEAB3050070DA22 /* MyTestClass.m */,
				15D229A01CEAE7240070DA22 /* SecondViewController.h */,
				15D229A11CEAE7240070DA22 /* SecondViewController.m */,
			);
			path = Test0517;
			sourceTree = "<group>";
		};
		15D229861CEAB2BC0070DA22 /* Supporting Files */ = {
			isa = PBXGroup;
			children = (
				15D229871CEAB2BC0070DA22 /* main.m */,
			);
			name = "Supporting Files";
			sourceTree = "<group>";
		};
/* End PBXGroup section */

/* Begin PBXNativeTarget section */
		15D229821CEAB2BC0070DA22 /* Test0517 */ = {
			isa = PBXNativeTarget;
			buildConfigurationList = 15D2299A1CEAB2BC0070DA22 /* Build configuration list for PBXNativeTarget "Test0517" */;
			buildPhases = (
				15D2297F1CEAB2BC0070DA22 /* Sources */,
				15D229801CEAB2BC0070DA22 /* Frameworks */,
				15D229811CEAB2BC0070DA22 /* Resources */,
			);
			buildRules = (
			);
			dependencies = (
			);
			name = Test0517;
			productName = Test0517;
			productReference = 15D229831CEAB2BC0070DA22 /* Test0517.app */;
			productType = "com.apple.product-type.application";
		};
/* End PBXNativeTarget section */

/* Begin PBXProject section */
		15D2297B1CEAB2BC0070DA22 /* Project object */ = {
			isa = PBXProject;
			attributes = {
				LastUpgradeCheck = 0730;
				ORGANIZATIONNAME = swpark;
				TargetAttributes = {
					15D229821CEAB2BC0070DA22 = {
						CreatedOnToolsVersion = 7.3.1;
					};
				};
			};
			buildConfigurationList = 15D2297E1CEAB2BC0070DA22 /* Build configuration list for PBXProject "Test0517" */;
			compatibilityVersion = "Xcode 3.2";
			developmentRegion = English;
			hasScannedForEncodings = 0;
			knownRegions = (
				en,
				Base,
			);
			mainGroup = 15D2297A1CEAB2BC0070DA22;
			productRefGroup = 15D229841CEAB2BC0070DA22 /* Products */;
			projectDirPath = "";
			projectRoot = "";
			targets = (
				15D229821CEAB2BC0070DA22 /* Test0517 */,
			);
		};
/* End PBXProject section */

/* Begin PBXResourcesBuildPhase section */
		15D229811CEAB2BC0070DA22 /* Resources */ = {
			isa = PBXResourcesBuildPhase;
			buildActionMask = 2147483647;
			files = (
				15D229961CEAB2BC0070DA22 /* LaunchScreen.storyboard in Resources */,
				15D229931CEAB2BC0070DA22 /* Assets.xcassets in Resources */,
				15D229911CEAB2BC0070DA22 /* Main.storyboard in Resources */,
			);
			runOnlyForDeploymentPostprocessing = 0;
		};
/* End PBXResourcesBuildPhase section */

/* Begin PBXSourcesBuildPhase section */
		15D2297F1CEAB2BC0070DA22 /* Sources */ = {
			isa = PBXSourcesBuildPhase;
			buildActionMask = 2147483647;
			files = (
				15D229A21CEAE7240070DA22 /* SecondViewController.m in Sources */,
				15D2299F1CEAB3050070DA22 /* MyTestClass.m in Sources */,
				15D2298E1CEAB2BC0070DA22 /* ViewController.m in Sources */,
				15D2298B1CEAB2BC0070DA22 /* AppDelegate.m in Sources */,
				15D229881CEAB2BC0070DA22 /* main.m in Sources */,
			);
			runOnlyForDeploymentPostprocessing = 0;
		};
/* End PBXSourcesBuildPhase section */

/* Begin PBXVariantGroup section */
		15D2298F1CEAB2BC0070DA22 /* Main.storyboard */ = {
			isa = PBXVariantGroup;
			children = (
				15D229901CEAB2BC0070DA22 /* Base */,
			);
			name = Main.storyboard;
			sourceTree = "<group>";
		};
		15D229941CEAB2BC0070DA22 /* LaunchScreen.storyboard */ = {
			isa = PBXVariantGroup;
			children = (
				15D229951CEAB2BC0070DA22 /* Base */,
			);
			name = LaunchScreen.storyboard;
			sourceTree = "<group>";
		};
/* End PBXVariantGroup section */

/* Begin XCBuildConfiguration section */
		15D229981CEAB2BC0070DA22 /* Debug */ = {
			isa = XCBuildConfiguration;
			buildSettings = {
				ALWAYS_SEARCH_USER_PATHS = NO;
				CLANG_ANALYZER_NONNULL = YES;
				CLANG_CXX_LANGUAGE_STANDARD = "gnu++0x";
				CLANG_CXX_LIBRARY = "libc++";
				CLANG_ENABLE_MODULES = YES;
				CLANG_ENABLE_OBJC_ARC = YES;
				CLANG_WARN_BOOL_CONVERSION = YES;
				CLANG_WARN_CONSTANT_CONVERSION = YES;
				CLANG_WARN_DIRECT_OBJC_ISA_USAGE = YES_ERROR;
				CLANG_WARN_EMPTY_BODY = YES;
				CLANG_WARN_ENUM_CONVERSION = YES;
				CLANG_WARN_INT_CONVERSION = YES;
				CLANG_WARN_OBJC_ROOT_CLASS = YES_ERROR;
				CLANG_WARN_UNREACHABLE_CODE = YES;
				CLANG_WARN__DUPLICATE_METHOD_MATCH = YES;
				"CODE_SIGN_IDENTITY[sdk=iphoneos*]" = "iPhone Developer";
				COPY_PHASE_STRIP = NO;
				DEBUG_INFORMATION_FORMAT = dwarf;
				ENABLE_STRICT_OBJC_MSGSEND = YES;
				ENABLE_TESTABILITY = YES;
				GCC_C_LANGUAGE_STANDARD = gnu99;
				GCC_DYNAMIC_NO_PIC = NO;
				GCC_NO_COMMON_BLOCKS = YES;
				GCC_OPTIMIZATION_LEVEL = 0;
				GCC_PREPROCESSOR_DEFINITIONS = (
					"DEBUG=1",
					"$(inherited)",
				);
				GCC_WARN_64_TO_32_BIT_CONVERSION = YES;
				GCC_WARN_ABOUT_RETURN_TYPE = YES_ERROR;
				GCC_WARN_UNDECLARED_SELECTOR = YES;
				GCC_WARN_UNINITIALIZED_AUTOS = YES_AGGRESSIVE;
				GCC_WARN_UNUSED_FUNCTION = YES;
				GCC_WARN_UNUSED_VARIABLE = YES;
				IPHONEOS_DEPLOYMENT_TARGET = 9.3;
				MTL_ENABLE_DEBUG_INFO = YES;
				ONLY_ACTIVE_ARCH = YES;
				SDKROOT = iphoneos;
			};
			name = Debug;
		};
		15D229991CEAB2BC0070DA22 /* Release */ = {
			isa = XCBuildConfiguration;
			buildSettings = {
				ALWAYS_SEARCH_USER_PATHS = NO;
				CLANG_ANALYZER_NONNULL = YES;
				CLANG_CXX_LANGUAGE_STANDARD = "gnu++0x";
				CLANG_CXX_LIBRARY = "libc++";
				CLANG_ENABLE_MODULES = YES;
				CLANG_ENABLE_OBJC_ARC = YES;
				CLANG_WARN_BOOL_CONVERSION = YES;
				CLANG_WARN_CONSTANT_CONVERSION = YES;
				CLANG_WARN_DIRECT_OBJC_ISA_USAGE = YES_ERROR;
				CLANG_WARN_EMPTY_BODY = YES;
				CLANG_WARN_ENUM_CONVERSION = YES;
				CLANG_WARN_INT_CONVERSION = YES;
				CLANG_WARN_OBJC_ROOT_CLASS = YES_ERROR;
				CLANG_WARN_UNREACHABLE_CODE = YES;
				CLANG_WARN__DUPLICATE_METHOD_MATCH = YES;
				"CODE_SIGN_IDENTITY[sdk=iphoneos*]" = "iPhone Developer";
				COPY_PHASE_STRIP = NO;
				DEBUG_INFORMATION_FORMAT = "dwarf-with-dsym";
				ENABLE_NS_ASSERTIONS = NO;
				ENABLE_STRICT_OBJC_MSGSEND = YES;
				GCC_C_LANGUAGE_STANDARD = gnu99;
				GCC_NO_COMMON_BLOCKS = YES;
				GCC_WARN_64_TO_32_BIT_CONVERSION = YES;
				GCC_WARN_ABOUT_RETURN_TYPE = YES_ERROR;
				GCC_WARN_UNDECLARED_SELECTOR = YES;
				GCC_WARN_UNINITIALIZED_AUTOS = YES_AGGRESSIVE;
				GCC_WARN_UNUSED_FUNCTION = YES;
				GCC_WARN_UNUSED_VARIABLE = YES;
				IPHONEOS_DEPLOYMENT_TARGET = 9.3;
				MTL_ENABLE_DEBUG_INFO = NO;
				SDKROOT = iphoneos;
				VALIDATE_PRODUCT = YES;
			};
			name = Release;
		};
		15D2299B1CEAB2BC0070DA22 /* Debug */ = {
			isa = XCBuildConfiguration;
			buildSettings = {
				ASSETCATALOG_COMPILER_APPICON_NAME = AppIcon;
				INFOPLIST_FILE = Test0517/Info.plist;
				LD_RUNPATH_SEARCH_PATHS = "$(inherited) @executable_path/Frameworks";
				PRODUCT_BUNDLE_IDENTIFIER = com.test.Test0517;
				PRODUCT_NAME = "$(TARGET_NAME)";
			};
			name = Debug;
		};
		15D2299C1CEAB2BC0070DA22 /* Release */ = {
			isa = XCBuildConfiguration;
			buildSettings = {
				ASSETCATALOG_COMPILER_APPICON_NAME = AppIcon;
				INFOPLIST_FILE = Test0517/Info.plist;
				LD_RUNPATH_SEARCH_PATHS = "$(inherited) @executable_path/Frameworks";
				PRODUCT_BUNDLE_IDENTIFIER = com.test.Test0517;
				PRODUCT_NAME = "$(TARGET_NAME)";
			};
			name = Release;
		};
/* End XCBuildConfiguration section */

/* Begin XCConfigurationList section */
		15D2297E1CEAB2BC0070DA22 /* Build configuration list for PBXProject "Test0517" */ = {
			isa = XCConfigurationList;
			buildConfigurations = (
				15D229981CEAB2BC0070DA22 /* Debug */,
				15D229991CEAB2BC0070DA22 /* Release */,
			);
			defaultConfigurationIsVisible = 0;
			defaultConfigurationName = Release;
		};
		15D2299A1CEAB2BC0070DA22 /* Build configuration list for PBXNativeTarget "Test0517" */ = {
			isa = XCConfigurationList;
			buildConfigurations = (
				15D2299B1CEAB2BC0070DA22 /* Debug */,
				15D2299C1CEAB2BC0070DA22 /* Release */,
			);
			defaultConfigurationIsVisible = 0;
		};
/* End XCConfigurationList section */
	};
	rootObject = 15D2297B1CEAB2BC0070DA22 /* Project object */;
}
