// !$*UTF8*$!
{
	archiveVersion = 1;
	classes = {
	};
	objectVersion = 46;
	objects = {

/* Begin PBXBuildFile section */
		15D229731CEA31C10070DA22 /* drink1.png in Resources */ = {isa = PBXBuildFile; fileRef = 15D2296F1CEA31C10070DA22 /* drink1.png */; };
		15D229741CEA31C10070DA22 /* drink2.png in Resources */ = {isa = PBXBuildFile; fileRef = 15D229701CEA31C10070DA22 /* drink2.png */; };
		15D229751CEA31C10070DA22 /* drink3.png in Resources */ = {isa = PBXBuildFile; fileRef = 15D229711CEA31C10070DA22 /* drink3.png */; };
		15D229761CEA31C10070DA22 /* drink4.png in Resources */ = {isa = PBXBuildFile; fileRef = 15D229721CEA31C10070DA22 /* drink4.png */; };
		5045112E1CE55F7A002EAB75 /* main.m in Sources */ = {isa = PBXBuildFile; fileRef = 5045112D1CE55F7A002EAB75 /* main.m */; };
		504511311CE55F7A002EAB75 /* AppDelegate.m in Sources */ = {isa = PBXBuildFile; fileRef = 504511301CE55F7A002EAB75 /* AppDelegate.m */; };
		504511371CE55F7B002EAB75 /* Main.storyboard in Resources */ = {isa = PBXBuildFile; fileRef = 504511351CE55F7B002EAB75 /* Main.storyboard */; };
		504511391CE55F7B002EAB75 /* Assets.xcassets in Resources */ = {isa = PBXBuildFile; fileRef = 504511381CE55F7B002EAB75 /* Assets.xcassets */; };
		5045113C1CE55F7B002EAB75 /* LaunchScreen.storyboard in Resources */ = {isa = PBXBuildFile; fileRef = 5045113A1CE55F7B002EAB75 /* LaunchScreen.storyboard */; };
		5045114C1CE56654002EAB75 /* MainViewController.m in Sources */ = {isa = PBXBuildFile; fileRef = 5045114A1CE56654002EAB75 /* MainViewController.m */; };
		5045114D1CE56654002EAB75 /* MainViewController.xib in Resources */ = {isa = PBXBuildFile; fileRef = 5045114B1CE56654002EAB75 /* MainViewController.xib */; };
		504511511CE595C6002EAB75 /* WCustomButton.m in Sources */ = {isa = PBXBuildFile; fileRef = 504511501CE595C6002EAB75 /* WCustomButton.m */; };
		504511601CE5AE33002EAB75 /* DrinkObject.m in Sources */ = {isa = PBXBuildFile; fileRef = 5045115B1CE5AE33002EAB75 /* DrinkObject.m */; };
		504511611CE5AE33002EAB75 /* TrayBox.m in Sources */ = {isa = PBXBuildFile; fileRef = 5045115D1CE5AE33002EAB75 /* TrayBox.m */; };
		504511621CE5AE33002EAB75 /* Casher.m in Sources */ = {isa = PBXBuildFile; fileRef = 5045115F1CE5AE33002EAB75 /* Casher.m */; };
/* End PBXBuildFile section */

/* Begin PBXFileReference section */
		15D2296F1CEA31C10070DA22 /* drink1.png */ = {isa = PBXFileReference; lastKnownFileType = image.png; path = drink1.png; sourceTree = SOURCE_ROOT; };
		15D229701CEA31C10070DA22 /* drink2.png */ = {isa = PBXFileReference; lastKnownFileType = image.png; path = drink2.png; sourceTree = SOURCE_ROOT; };
		15D229711CEA31C10070DA22 /* drink3.png */ = {isa = PBXFileReference; lastKnownFileType = image.png; path = drink3.png; sourceTree = SOURCE_ROOT; };
		15D229721CEA31C10070DA22 /* drink4.png */ = {isa = PBXFileReference; lastKnownFileType = image.png; path = drink4.png; sourceTree = SOURCE_ROOT; };
		504511291CE55F7A002EAB75 /* VendingMachineProject.app */ = {isa = PBXFileReference; explicitFileType = wrapper.application; includeInIndex = 0; path = VendingMachineProject.app; sourceTree = BUILT_PRODUCTS_DIR; };
		5045112D1CE55F7A002EAB75 /* main.m */ = {isa = PBXFileReference; lastKnownFileType = sourcecode.c.objc; path = main.m; sourceTree = "<group>"; };
		5045112F1CE55F7A002EAB75 /* AppDelegate.h */ = {isa = PBXFileReference; lastKnownFileType = sourcecode.c.h; path = AppDelegate.h; sourceTree = "<group>"; };
		504511301CE55F7A002EAB75 /* AppDelegate.m */ = {isa = PBXFileReference; lastKnownFileType = sourcecode.c.objc; path = AppDelegate.m; sourceTree = "<group>"; };
		504511361CE55F7B002EAB75 /* Base */ = {isa = PBXFileReference; lastKnownFileType = file.storyboard; name = Base; path = Base.lproj/Main.storyboard; sourceTree = "<group>"; };
		504511381CE55F7B002EAB75 /* Assets.xcassets */ = {isa = PBXFileReference; lastKnownFileType = folder.assetcatalog; path = Assets.xcassets; sourceTree = "<group>"; };
		5045113B1CE55F7B002EAB75 /* Base */ = {isa = PBXFileReference; lastKnownFileType = file.storyboard; name = Base; path = Base.lproj/LaunchScreen.storyboard; sourceTree = "<group>"; };
		5045113D1CE55F7B002EAB75 /* Info.plist */ = {isa = PBXFileReference; lastKnownFileType = text.plist.xml; path = Info.plist; sourceTree = "<group>"; };
		504511491CE56654002EAB75 /* MainViewController.h */ = {isa = PBXFileReference; fileEncoding = 4; lastKnownFileType = sourcecode.c.h; path = MainViewController.h; sourceTree = "<group>"; };
		5045114A1CE56654002EAB75 /* MainViewController.m */ = {isa = PBXFileReference; fileEncoding = 4; lastKnownFileType = sourcecode.c.objc; path = MainViewController.m; sourceTree = "<group>"; };
		5045114B1CE56654002EAB75 /* MainViewController.xib */ = {isa = PBXFileReference; fileEncoding = 4; lastKnownFileType = file.xib; path = MainViewController.xib; sourceTree = "<group>"; };
		5045114F1CE595C6002EAB75 /* WCustomButton.h */ = {isa = PBXFileReference; fileEncoding = 4; lastKnownFileType = sourcecode.c.h; path = WCustomButton.h; sourceTree = "<group>"; };
		504511501CE595C6002EAB75 /* WCustomButton.m */ = {isa = PBXFileReference; fileEncoding = 4; lastKnownFileType = sourcecode.c.objc; path = WCustomButton.m; sourceTree = "<group>"; };
		5045115A1CE5AE33002EAB75 /* DrinkObject.h */ = {isa = PBXFileReference; fileEncoding = 4; lastKnownFileType = sourcecode.c.h; path = DrinkObject.h; sourceTree = "<group>"; };
		5045115B1CE5AE33002EAB75 /* DrinkObject.m */ = {isa = PBXFileReference; fileEncoding = 4; lastKnownFileType = sourcecode.c.objc; path = DrinkObject.m; sourceTree = "<group>"; };
		5045115C1CE5AE33002EAB75 /* TrayBox.h */ = {isa = PBXFileReference; fileEncoding = 4; lastKnownFileType = sourcecode.c.h; path = TrayBox.h; sourceTree = "<group>"; };
		5045115D1CE5AE33002EAB75 /* TrayBox.m */ = {isa = PBXFileReference; fileEncoding = 4; lastKnownFileType = sourcecode.c.objc; path = TrayBox.m; sourceTree = "<group>"; };
		5045115E1CE5AE33002EAB75 /* Casher.h */ = {isa = PBXFileReference; fileEncoding = 4; lastKnownFileType = sourcecode.c.h; path = Casher.h; sourceTree = "<group>"; };
		5045115F1CE5AE33002EAB75 /* Casher.m */ = {isa = PBXFileReference; fileEncoding = 4; lastKnownFileType = sourcecode.c.objc; path = Casher.m; sourceTree = "<group>"; };
/* End PBXFileReference section */

/* Begin PBXFrameworksBuildPhase section */
		504511261CE55F7A002EAB75 /* Frameworks */ = {
			isa = PBXFrameworksBuildPhase;
			buildActionMask = 2147483647;
			files = (
			);
			runOnlyForDeploymentPostprocessing = 0;
		};
/* End PBXFrameworksBuildPhase section */

/* Begin PBXGroup section */
		504511201CE55F7A002EAB75 = {
			isa = PBXGroup;
			children = (
				5045112B1CE55F7A002EAB75 /* VendingMachineProject */,
				5045112A1CE55F7A002EAB75 /* Products */,
			);
			sourceTree = "<group>";
		};
		5045112A1CE55F7A002EAB75 /* Products */ = {
			isa = PBXGroup;
			children = (
				504511291CE55F7A002EAB75 /* VendingMachineProject.app */,
			);
			name = Products;
			sourceTree = "<group>";
		};
		5045112B1CE55F7A002EAB75 /* VendingMachineProject */ = {
			isa = PBXGroup;
			children = (
				5045112F1CE55F7A002EAB75 /* AppDelegate.h */,
				504511301CE55F7A002EAB75 /* AppDelegate.m */,
				504511491CE56654002EAB75 /* MainViewController.h */,
				5045114A1CE56654002EAB75 /* MainViewController.m */,
				5045114B1CE56654002EAB75 /* MainViewController.xib */,
				5045114E1CE5957C002EAB75 /* UI */,
				504511351CE55F7B002EAB75 /* Main.storyboard */,
				504511631CE5AE3F002EAB75 /* Object */,
				504511381CE55F7B002EAB75 /* Assets.xcassets */,
				5045113A1CE55F7B002EAB75 /* LaunchScreen.storyboard */,
				5045113D1CE55F7B002EAB75 /* Info.plist */,
				5045112C1CE55F7A002EAB75 /* Supporting Files */,
			);
			path = VendingMachineProject;
			sourceTree = "<group>";
		};
		5045112C1CE55F7A002EAB75 /* Supporting Files */ = {
			isa = PBXGroup;
			children = (
				5045112D1CE55F7A002EAB75 /* main.m */,
			);
			name = "Supporting Files";
			sourceTree = "<group>";
		};
		5045114E1CE5957C002EAB75 /* UI */ = {
			isa = PBXGroup;
			children = (
				5045114F1CE595C6002EAB75 /* WCustomButton.h */,
				504511501CE595C6002EAB75 /* WCustomButton.m */,
				15D2296F1CEA31C10070DA22 /* drink1.png */,
				15D229701CEA31C10070DA22 /* drink2.png */,
				15D229711CEA31C10070DA22 /* drink3.png */,
				15D229721CEA31C10070DA22 /* drink4.png */,
			);
			name = UI;
			sourceTree = "<group>";
		};
		504511631CE5AE3F002EAB75 /* Object */ = {
			isa = PBXGroup;
			children = (
				5045115A1CE5AE33002EAB75 /* DrinkObject.h */,
				5045115B1CE5AE33002EAB75 /* DrinkObject.m */,
				5045115C1CE5AE33002EAB75 /* TrayBox.h */,
				5045115D1CE5AE33002EAB75 /* TrayBox.m */,
				5045115E1CE5AE33002EAB75 /* Casher.h */,
				5045115F1CE5AE33002EAB75 /* Casher.m */,
			);
			name = Object;
			sourceTree = "<group>";
		};
/* End PBXGroup section */

/* Begin PBXNativeTarget section */
		504511281CE55F7A002EAB75 /* VendingMachineProject */ = {
			isa = PBXNativeTarget;
			buildConfigurationList = 504511401CE55F7B002EAB75 /* Build configuration list for PBXNativeTarget "VendingMachineProject" */;
			buildPhases = (
				504511251CE55F7A002EAB75 /* Sources */,
				504511261CE55F7A002EAB75 /* Frameworks */,
				504511271CE55F7A002EAB75 /* Resources */,
			);
			buildRules = (
			);
			dependencies = (
			);
			name = VendingMachineProject;
			productName = VendingMachineProject;
			productReference = 504511291CE55F7A002EAB75 /* VendingMachineProject.app */;
			productType = "com.apple.product-type.application";
		};
/* End PBXNativeTarget section */

/* Begin PBXProject section */
		504511211CE55F7A002EAB75 /* Project object */ = {
			isa = PBXProject;
			attributes = {
				LastUpgradeCheck = 0730;
				ORGANIZATIONNAME = WingsCompany;
				TargetAttributes = {
					504511281CE55F7A002EAB75 = {
						CreatedOnToolsVersion = 7.3;
					};
				};
			};
			buildConfigurationList = 504511241CE55F7A002EAB75 /* Build configuration list for PBXProject "VendingMachineProject" */;
			compatibilityVersion = "Xcode 3.2";
			developmentRegion = English;
			hasScannedForEncodings = 0;
			knownRegions = (
				en,
				Base,
			);
			mainGroup = 504511201CE55F7A002EAB75;
			productRefGroup = 5045112A1CE55F7A002EAB75 /* Products */;
			projectDirPath = "";
			projectRoot = "";
			targets = (
				504511281CE55F7A002EAB75 /* VendingMachineProject */,
			);
		};
/* End PBXProject section */

/* Begin PBXResourcesBuildPhase section */
		504511271CE55F7A002EAB75 /* Resources */ = {
			isa = PBXResourcesBuildPhase;
			buildActionMask = 2147483647;
			files = (
				15D229761CEA31C10070DA22 /* drink4.png in Resources */,
				5045113C1CE55F7B002EAB75 /* LaunchScreen.storyboard in Resources */,
				504511391CE55F7B002EAB75 /* Assets.xcassets in Resources */,
				15D229751CEA31C10070DA22 /* drink3.png in Resources */,
				504511371CE55F7B002EAB75 /* Main.storyboard in Resources */,
				15D229741CEA31C10070DA22 /* drink2.png in Resources */,
				5045114D1CE56654002EAB75 /* MainViewController.xib in Resources */,
				15D229731CEA31C10070DA22 /* drink1.png in Resources */,
			);
			runOnlyForDeploymentPostprocessing = 0;
		};
/* End PBXResourcesBuildPhase section */

/* Begin PBXSourcesBuildPhase section */
		504511251CE55F7A002EAB75 /* Sources */ = {
			isa = PBXSourcesBuildPhase;
			buildActionMask = 2147483647;
			files = (
				504511601CE5AE33002EAB75 /* DrinkObject.m in Sources */,
				504511511CE595C6002EAB75 /* WCustomButton.m in Sources */,
				504511311CE55F7A002EAB75 /* AppDelegate.m in Sources */,
				504511611CE5AE33002EAB75 /* TrayBox.m in Sources */,
				5045114C1CE56654002EAB75 /* MainViewController.m in Sources */,
				504511621CE5AE33002EAB75 /* Casher.m in Sources */,
				5045112E1CE55F7A002EAB75 /* main.m in Sources */,
			);
			runOnlyForDeploymentPostprocessing = 0;
		};
/* End PBXSourcesBuildPhase section */

/* Begin PBXVariantGroup section */
		504511351CE55F7B002EAB75 /* Main.storyboard */ = {
			isa = PBXVariantGroup;
			children = (
				504511361CE55F7B002EAB75 /* Base */,
			);
			name = Main.storyboard;
			sourceTree = "<group>";
		};
		5045113A1CE55F7B002EAB75 /* LaunchScreen.storyboard */ = {
			isa = PBXVariantGroup;
			children = (
				5045113B1CE55F7B002EAB75 /* Base */,
			);
			name = LaunchScreen.storyboard;
			sourceTree = "<group>";
		};
/* End PBXVariantGroup section */

/* Begin XCBuildConfiguration section */
		5045113E1CE55F7B002EAB75 /* Debug */ = {
			isa = XCBuildConfiguration;
			buildSettings = {
				ALWAYS_SEARCH_USER_PATHS = NO;
				CLANG_ANALYZER_NONNULL = YES;
				CLANG_CXX_LANGUAGE_STANDARD = "gnu++0x";
				CLANG_CXX_LIBRARY = "libc++";
				CLANG_ENABLE_MODULES = YES;
				CLANG_ENABLE_OBJC_ARC = YES;
				CLANG_WARN_BOOL_CONVERSION = YES;
				CLANG_WARN_CONSTANT_CONVERSION = YES;
				CLANG_WARN_DIRECT_OBJC_ISA_USAGE = YES_ERROR;
				CLANG_WARN_EMPTY_BODY = YES;
				CLANG_WARN_ENUM_CONVERSION = YES;
				CLANG_WARN_INT_CONVERSION = YES;
				CLANG_WARN_OBJC_ROOT_CLASS = YES_ERROR;
				CLANG_WARN_UNREACHABLE_CODE = YES;
				CLANG_WARN__DUPLICATE_METHOD_MATCH = YES;
				"CODE_SIGN_IDENTITY[sdk=iphoneos*]" = "iPhone Developer";
				COPY_PHASE_STRIP = NO;
				DEBUG_INFORMATION_FORMAT = dwarf;
				ENABLE_STRICT_OBJC_MSGSEND = YES;
				ENABLE_TESTABILITY = YES;
				GCC_C_LANGUAGE_STANDARD = gnu99;
				GCC_DYNAMIC_NO_PIC = NO;
				GCC_NO_COMMON_BLOCKS = YES;
				GCC_OPTIMIZATION_LEVEL = 0;
				GCC_PREPROCESSOR_DEFINITIONS = (
					"DEBUG=1",
					"$(inherited)",
				);
				GCC_WARN_64_TO_32_BIT_CONVERSION = YES;
				GCC_WARN_ABOUT_RETURN_TYPE = YES_ERROR;
				GCC_WARN_UNDECLARED_SELECTOR = YES;
				GCC_WARN_UNINITIALIZED_AUTOS = YES_AGGRESSIVE;
				GCC_WARN_UNUSED_FUNCTION = YES;
				GCC_WARN_UNUSED_VARIABLE = YES;
				IPHONEOS_DEPLOYMENT_TARGET = 9.3;
				MTL_ENABLE_DEBUG_INFO = YES;
				ONLY_ACTIVE_ARCH = YES;
				SDKROOT = iphoneos;
			};
			name = Debug;
		};
		5045113F1CE55F7B002EAB75 /* Release */ = {
			isa = XCBuildConfiguration;
			buildSettings = {
				ALWAYS_SEARCH_USER_PATHS = NO;
				CLANG_ANALYZER_NONNULL = YES;
				CLANG_CXX_LANGUAGE_STANDARD = "gnu++0x";
				CLANG_CXX_LIBRARY = "libc++";
				CLANG_ENABLE_MODULES = YES;
				CLANG_ENABLE_OBJC_ARC = YES;
				CLANG_WARN_BOOL_CONVERSION = YES;
				CLANG_WARN_CONSTANT_CONVERSION = YES;
				CLANG_WARN_DIRECT_OBJC_ISA_USAGE = YES_ERROR;
				CLANG_WARN_EMPTY_BODY = YES;
				CLANG_WARN_ENUM_CONVERSION = YES;
				CLANG_WARN_INT_CONVERSION = YES;
				CLANG_WARN_OBJC_ROOT_CLASS = YES_ERROR;
				CLANG_WARN_UNREACHABLE_CODE = YES;
				CLANG_WARN__DUPLICATE_METHOD_MATCH = YES;
				"CODE_SIGN_IDENTITY[sdk=iphoneos*]" = "iPhone Developer";
				COPY_PHASE_STRIP = NO;
				DEBUG_INFORMATION_FORMAT = "dwarf-with-dsym";
				ENABLE_NS_ASSERTIONS = NO;
				ENABLE_STRICT_OBJC_MSGSEND = YES;
				GCC_C_LANGUAGE_STANDARD = gnu99;
				GCC_NO_COMMON_BLOCKS = YES;
				GCC_WARN_64_TO_32_BIT_CONVERSION = YES;
				GCC_WARN_ABOUT_RETURN_TYPE = YES_ERROR;
				GCC_WARN_UNDECLARED_SELECTOR = YES;
				GCC_WARN_UNINITIALIZED_AUTOS = YES_AGGRESSIVE;
				GCC_WARN_UNUSED_FUNCTION = YES;
				GCC_WARN_UNUSED_VARIABLE = YES;
				IPHONEOS_DEPLOYMENT_TARGET = 9.3;
				MTL_ENABLE_DEBUG_INFO = NO;
				SDKROOT = iphoneos;
				VALIDATE_PRODUCT = YES;
			};
			name = Release;
		};
		504511411CE55F7B002EAB75 /* Debug */ = {
			isa = XCBuildConfiguration;
			buildSettings = {
				ASSETCATALOG_COMPILER_APPICON_NAME = AppIcon;
				INFOPLIST_FILE = VendingMachineProject/Info.plist;
				LD_RUNPATH_SEARCH_PATHS = "$(inherited) @executable_path/Frameworks";
				PRODUCT_BUNDLE_IDENTIFIER = com.test.VendingMachineProject;
				PRODUCT_NAME = "$(TARGET_NAME)";
				TARGETED_DEVICE_FAMILY = 1;
			};
			name = Debug;
		};
		504511421CE55F7B002EAB75 /* Release */ = {
			isa = XCBuildConfiguration;
			buildSettings = {
				ASSETCATALOG_COMPILER_APPICON_NAME = AppIcon;
				INFOPLIST_FILE = VendingMachineProject/Info.plist;
				LD_RUNPATH_SEARCH_PATHS = "$(inherited) @executable_path/Frameworks";
				PRODUCT_BUNDLE_IDENTIFIER = com.test.VendingMachineProject;
				PRODUCT_NAME = "$(TARGET_NAME)";
				TARGETED_DEVICE_FAMILY = 1;
			};
			name = Release;
		};
/* End XCBuildConfiguration section */

/* Begin XCConfigurationList section */
		504511241CE55F7A002EAB75 /* Build configuration list for PBXProject "VendingMachineProject" */ = {
			isa = XCConfigurationList;
			buildConfigurations = (
				5045113E1CE55F7B002EAB75 /* Debug */,
				5045113F1CE55F7B002EAB75 /* Release */,
			);
			defaultConfigurationIsVisible = 0;
			defaultConfigurationName = Release;
		};
		504511401CE55F7B002EAB75 /* Build configuration list for PBXNativeTarget "VendingMachineProject" */ = {
			isa = XCConfigurationList;
			buildConfigurations = (
				504511411CE55F7B002EAB75 /* Debug */,
				504511421CE55F7B002EAB75 /* Release */,
			);
			defaultConfigurationIsVisible = 0;
			defaultConfigurationName = Release;
		};
/* End XCConfigurationList section */
	};
	rootObject = 504511211CE55F7A002EAB75 /* Project object */;
}
